{
  "name": "redcap_em_config_study_v9.9.9",
  "lockfileVersion": 2,
  "requires": true,
  "packages": {
    "": {
      "devDependencies": {
        "@types/bootstrap": "^5.1.10",
        "@types/bootstrap-select": "^1.13.4",
        "@types/jquery": "^3.5.14",
        "@types/jqueryui": "^1.12.16"
      }
    },
    "node_modules/@popperjs/core": {
      "version": "2.11.5",
      "resolved": "https://registry.npmjs.org/@popperjs/core/-/core-2.11.5.tgz",
      "integrity": "sha512-9X2obfABZuDVLCgPK9aX0a/x4jaOEweTTWE2+9sr0Qqqevj2Uv5XorvusThmc9XGYpS9yI+fhh8RTafBtGposw==",
      "dev": true,
      "funding": {
        "type": "opencollective",
        "url": "https://opencollective.com/popperjs"
      }
    },
    "node_modules/@types/bootstrap": {
      "version": "5.1.10",
      "resolved": "https://registry.npmjs.org/@types/bootstrap/-/bootstrap-5.1.10.tgz",
      "integrity": "sha512-N93bSEnlUuRkzZim83hE36dIExrXf+6NlUQRJfOfT7N9kk53j6UtMNXG4TgCUACsmc7XVPwtnJyGVfSrD2KvOA==",
      "dev": true,
      "dependencies": {
        "@popperjs/core": "^2.9.2",
        "@types/jquery": "*"
      }
    },
    "node_modules/@types/bootstrap-select": {
      "version": "1.13.4",
      "resolved": "https://registry.npmjs.org/@types/bootstrap-select/-/bootstrap-select-1.13.4.tgz",
      "integrity": "sha512-jpmfCyF/DETb7P9Ob1htDoSGwSNvdddmBEe47iAbLttWGAGbEzE/Ks6/eGzKzEbDDLbL/melqSW8RkqTpa60Gw==",
      "dev": true,
      "dependencies": {
        "@types/jquery": "*"
      }
    },
    "node_modules/@types/jquery": {
      "version": "3.5.14",
      "resolved": "https://registry.npmjs.org/@types/jquery/-/jquery-3.5.14.tgz",
      "integrity": "sha512-X1gtMRMbziVQkErhTQmSe2jFwwENA/Zr+PprCkF63vFq+Yt5PZ4AlKqgmeNlwgn7dhsXEK888eIW2520EpC+xg==",
      "dev": true,
      "dependencies": {
        "@types/sizzle": "*"
      }
    },
    "node_modules/@types/jqueryui": {
      "version": "1.12.16",
      "resolved": "https://registry.npmjs.org/@types/jqueryui/-/jqueryui-1.12.16.tgz",
      "integrity": "sha512-6huAQDpNlso9ayaUT9amBOA3kj02OCeUWs+UvDmbaJmwkHSg/HLsQOoap/D5uveN9ePwl72N45Bl+Frp5xyG1Q==",
      "dev": true,
      "dependencies": {
        "@types/jquery": "*"
      }
    },
    "node_modules/@types/sizzle": {
      "version": "2.3.2",
      "resolved": "https://registry.npmjs.org/@types/sizzle/-/sizzle-2.3.2.tgz",
      "integrity": "sha512-7EJYyKTL7tFR8+gDbB6Wwz/arpGa0Mywk1TJbNzKzHtzbwVmY4HR9WqS5VV7dsBUKQmPNr192jHr/VpBluj/hg==",
      "dev": true
    }
  },
  "dependencies": {
    "@popperjs/core": {
      "version": "2.11.5",
      "resolved": "https://registry.npmjs.org/@popperjs/core/-/core-2.11.5.tgz",
      "integrity": "sha512-9X2obfABZuDVLCgPK9aX0a/x4jaOEweTTWE2+9sr0Qqqevj2Uv5XorvusThmc9XGYpS9yI+fhh8RTafBtGposw==",
      "dev": true
    },
    "@types/bootstrap": {
      "version": "5.1.10",
      "resolved": "https://registry.npmjs.org/@types/bootstrap/-/bootstrap-5.1.10.tgz",
      "integrity": "sha512-N93bSEnlUuRkzZim83hE36dIExrXf+6NlUQRJfOfT7N9kk53j6UtMNXG4TgCUACsmc7XVPwtnJyGVfSrD2KvOA==",
      "dev": true,
      "requires": {
        "@popperjs/core": "^2.9.2",
        "@types/jquery": "*"
      }
    },
    "@types/bootstrap-select": {
      "version": "1.13.4",
      "resolved": "https://registry.npmjs.org/@types/bootstrap-select/-/bootstrap-select-1.13.4.tgz",
      "integrity": "sha512-jpmfCyF/DETb7P9Ob1htDoSGwSNvdddmBEe47iAbLttWGAGbEzE/Ks6/eGzKzEbDDLbL/melqSW8RkqTpa60Gw==",
      "dev": true,
      "requires": {
        "@types/jquery": "*"
      }
    },
    "@types/jquery": {
      "version": "3.5.14",
      "resolved": "https://registry.npmjs.org/@types/jquery/-/jquery-3.5.14.tgz",
      "integrity": "sha512-X1gtMRMbziVQkErhTQmSe2jFwwENA/Zr+PprCkF63vFq+Yt5PZ4AlKqgmeNlwgn7dhsXEK888eIW2520EpC+xg==",
      "dev": true,
      "requires": {
        "@types/sizzle": "*"
      }
    },
    "@types/jqueryui": {
      "version": "1.12.16",
      "resolved": "https://registry.npmjs.org/@types/jqueryui/-/jqueryui-1.12.16.tgz",
      "integrity": "sha512-6huAQDpNlso9ayaUT9amBOA3kj02OCeUWs+UvDmbaJmwkHSg/HLsQOoap/D5uveN9ePwl72N45Bl+Frp5xyG1Q==",
      "dev": true,
      "requires": {
        "@types/jquery": "*"
      }
    },
    "@types/sizzle": {
      "version": "2.3.2",
      "resolved": "https://registry.npmjs.org/@types/sizzle/-/sizzle-2.3.2.tgz",
      "integrity": "sha512-7EJYyKTL7tFR8+gDbB6Wwz/arpGa0Mywk1TJbNzKzHtzbwVmY4HR9WqS5VV7dsBUKQmPNr192jHr/VpBluj/hg==",
      "dev": true
    }
  }
}
